// !$*UTF8*$!
{
	archiveVersion = 1;
	classes = {
	};
	objectVersion = 50;
	objects = {

/* Begin PBXBuildFile section */
		FD1FE81121A68044002F8D5E /* AppDelegate.m in Sources */ = {isa = PBXBuildFile; fileRef = FD1FE81021A68044002F8D5E /* AppDelegate.m */; };
		FD1FE81421A68044002F8D5E /* ViewController.m in Sources */ = {isa = PBXBuildFile; fileRef = FD1FE81321A68044002F8D5E /* ViewController.m */; };
		FD1FE81721A68044002F8D5E /* Main.storyboard in Resources */ = {isa = PBXBuildFile; fileRef = FD1FE81521A68044002F8D5E /* Main.storyboard */; };
		FD1FE81921A68046002F8D5E /* Assets.xcassets in Resources */ = {isa = PBXBuildFile; fileRef = FD1FE81821A68046002F8D5E /* Assets.xcassets */; };
		FD1FE81C21A68046002F8D5E /* LaunchScreen.storyboard in Resources */ = {isa = PBXBuildFile; fileRef = FD1FE81A21A68046002F8D5E /* LaunchScreen.storyboard */; };
		FD1FE81F21A68046002F8D5E /* main.m in Sources */ = {isa = PBXBuildFile; fileRef = FD1FE81E21A68046002F8D5E /* main.m */; };
/* End PBXBuildFile section */

/* Begin PBXFileReference section */
		FD1FE80C21A68044002F8D5E /* ZKVerifyViewDemo.app */ = {isa = PBXFileReference; explicitFileType = wrapper.application; includeInIndex = 0; path = ZKVerifyViewDemo.app; sourceTree = BUILT_PRODUCTS_DIR; };
		FD1FE80F21A68044002F8D5E /* AppDelegate.h */ = {isa = PBXFileReference; lastKnownFileType = sourcecode.c.h; path = AppDelegate.h; sourceTree = "<group>"; };
		FD1FE81021A68044002F8D5E /* AppDelegate.m */ = {isa = PBXFileReference; lastKnownFileType = sourcecode.c.objc; path = AppDelegate.m; sourceTree = "<group>"; };
		FD1FE81221A68044002F8D5E /* ViewController.h */ = {isa = PBXFileReference; lastKnownFileType = sourcecode.c.h; path = ViewController.h; sourceTree = "<group>"; };
		FD1FE81321A68044002F8D5E /* ViewController.m */ = {isa = PBXFileReference; lastKnownFileType = sourcecode.c.objc; path = ViewController.m; sourceTree = "<group>"; };
		FD1FE81621A68044002F8D5E /* Base */ = {isa = PBXFileReference; lastKnownFileType = file.storyboard; name = Base; path = Base.lproj/Main.storyboard; sourceTree = "<group>"; };
		FD1FE81821A68046002F8D5E /* Assets.xcassets */ = {isa = PBXFileReference; lastKnownFileType = folder.assetcatalog; path = Assets.xcassets; sourceTree = "<group>"; };
		FD1FE81B21A68046002F8D5E /* Base */ = {isa = PBXFileReference; lastKnownFileType = file.storyboard; name = Base; path = Base.lproj/LaunchScreen.storyboard; sourceTree = "<group>"; };
		FD1FE81D21A68046002F8D5E /* Info.plist */ = {isa = PBXFileReference; lastKnownFileType = text.plist.xml; path = Info.plist; sourceTree = "<group>"; };
		FD1FE81E21A68046002F8D5E /* main.m */ = {isa = PBXFileReference; lastKnownFileType = sourcecode.c.objc; path = main.m; sourceTree = "<group>"; };
/* End PBXFileReference section */

/* Begin PBXFrameworksBuildPhase section */
		FD1FE80921A68044002F8D5E /* Frameworks */ = {
			isa = PBXFrameworksBuildPhase;
			buildActionMask = 2147483647;
			files = (
			);
			runOnlyForDeploymentPostprocessing = 0;
		};
/* End PBXFrameworksBuildPhase section */

/* Begin PBXGroup section */
		FD1FE80321A68044002F8D5E = {
			isa = PBXGroup;
			children = (
				FD1FE80E21A68044002F8D5E /* ZKVerifyViewDemo */,
				FD1FE80D21A68044002F8D5E /* Products */,
			);
			sourceTree = "<group>";
		};
		FD1FE80D21A68044002F8D5E /* Products */ = {
			isa = PBXGroup;
			children = (
				FD1FE80C21A68044002F8D5E /* ZKVerifyViewDemo.app */,
			);
			name = Products;
			sourceTree = "<group>";
		};
		FD1FE80E21A68044002F8D5E /* ZKVerifyViewDemo */ = {
			isa = PBXGroup;
			children = (
				FD1FE80F21A68044002F8D5E /* AppDelegate.h */,
				FD1FE81021A68044002F8D5E /* AppDelegate.m */,
				FD1FE81221A68044002F8D5E /* ViewController.h */,
				FD1FE81321A68044002F8D5E /* ViewController.m */,
				FD1FE81521A68044002F8D5E /* Main.storyboard */,
				FD1FE81821A68046002F8D5E /* Assets.xcassets */,
				FD1FE81A21A68046002F8D5E /* LaunchScreen.storyboard */,
				FD1FE81D21A68046002F8D5E /* Info.plist */,
				FD1FE81E21A68046002F8D5E /* main.m */,
			);
			path = ZKVerifyViewDemo;
			sourceTree = "<group>";
		};
/* End PBXGroup section */

/* Begin PBXNativeTarget section */
		FD1FE80B21A68044002F8D5E /* ZKVerifyViewDemo */ = {
			isa = PBXNativeTarget;
			buildConfigurationList = FD1FE82221A68046002F8D5E /* Build configuration list for PBXNativeTarget "ZKVerifyViewDemo" */;
			buildPhases = (
				FD1FE80821A68044002F8D5E /* Sources */,
				FD1FE80921A68044002F8D5E /* Frameworks */,
				FD1FE80A21A68044002F8D5E /* Resources */,
			);
			buildRules = (
			);
			dependencies = (
			);
			name = ZKVerifyViewDemo;
			productName = ZKVerifyViewDemo;
			productReference = FD1FE80C21A68044002F8D5E /* ZKVerifyViewDemo.app */;
			productType = "com.apple.product-type.application";
		};
/* End PBXNativeTarget section */

/* Begin PBXProject section */
		FD1FE80421A68044002F8D5E /* Project object */ = {
			isa = PBXProject;
			attributes = {
				LastUpgradeCheck = 1000;
				ORGANIZATIONNAME = bestdew;
				TargetAttributes = {
					FD1FE80B21A68044002F8D5E = {
						CreatedOnToolsVersion = 10.0;
					};
				};
			};
			buildConfigurationList = FD1FE80721A68044002F8D5E /* Build configuration list for PBXProject "ZKVerifyViewDemo" */;
			compatibilityVersion = "Xcode 9.3";
			developmentRegion = en;
			hasScannedForEncodings = 0;
			knownRegions = (
				en,
				Base,
			);
			mainGroup = FD1FE80321A68044002F8D5E;
			productRefGroup = FD1FE80D21A68044002F8D5E /* Products */;
			projectDirPath = "";
			projectRoot = "";
			targets = (
				FD1FE80B21A68044002F8D5E /* ZKVerifyViewDemo */,
			);
		};
/* End PBXProject section */

/* Begin PBXResourcesBuildPhase section */
		FD1FE80A21A68044002F8D5E /* Resources */ = {
			isa = PBXResourcesBuildPhase;
			buildActionMask = 2147483647;
			files = (
				FD1FE81C21A68046002F8D5E /* LaunchScreen.storyboard in Resources */,
				FD1FE81921A68046002F8D5E /* Assets.xcassets in Resources */,
				FD1FE81721A68044002F8D5E /* Main.storyboard in Resources */,
			);
			runOnlyForDeploymentPostprocessing = 0;
		};
/* End PBXResourcesBuildPhase section */

/* Begin PBXSourcesBuildPhase section */
		FD1FE80821A68044002F8D5E /* Sources */ = {
			isa = PBXSourcesBuildPhase;
			buildActionMask = 2147483647;
			files = (
				FD1FE81421A68044002F8D5E /* ViewController.m in Sources */,
				FD1FE81F21A68046002F8D5E /* main.m in Sources */,
				FD1FE81121A68044002F8D5E /* AppDelegate.m in Sources */,
			);
			runOnlyForDeploymentPostprocessing = 0;
		};
/* End PBXSourcesBuildPhase section */

/* Begin PBXVariantGroup section */
		FD1FE81521A68044002F8D5E /* Main.storyboard */ = {
			isa = PBXVariantGroup;
			children = (
				FD1FE81621A68044002F8D5E /* Base */,
			);
			name = Main.storyboard;
			sourceTree = "<group>";
		};
		FD1FE81A21A68046002F8D5E /* LaunchScreen.storyboard */ = {
			isa = PBXVariantGroup;
			children = (
				FD1FE81B21A68046002F8D5E /* Base */,
			);
			name = LaunchScreen.storyboard;
			sourceTree = "<group>";
		};
/* End PBXVariantGroup section */

/* Begin XCBuildConfiguration section */
		FD1FE82021A68046002F8D5E /* Debug */ = {
			isa = XCBuildConfiguration;
			buildSettings = {
				ALWAYS_SEARCH_USER_PATHS = NO;
				CLANG_ANALYZER_NONNULL = YES;
				CLANG_ANALYZER_NUMBER_OBJECT_CONVERSION = YES_AGGRESSIVE;
				CLANG_CXX_LANGUAGE_STANDARD = "gnu++14";
				CLANG_CXX_LIBRARY = "libc++";
				CLANG_ENABLE_MODULES = YES;
				CLANG_ENABLE_OBJC_ARC = YES;
				CLANG_ENABLE_OBJC_WEAK = YES;
				CLANG_WARN_BLOCK_CAPTURE_AUTORELEASING = YES;
				CLANG_WARN_BOOL_CONVERSION = YES;
				CLANG_WARN_COMMA = YES;
				CLANG_WARN_CONSTANT_CONVERSION = YES;
				CLANG_WARN_DEPRECATED_OBJC_IMPLEMENTATIONS = YES;
				CLANG_WARN_DIRECT_OBJC_ISA_USAGE = YES_ERROR;
				CLANG_WARN_DOCUMENTATION_COMMENTS = YES;
				CLANG_WARN_EMPTY_BODY = YES;
				CLANG_WARN_ENUM_CONVERSION = YES;
				CLANG_WARN_INFINITE_RECURSION = YES;
				CLANG_WARN_INT_CONVERSION = YES;
				CLANG_WARN_NON_LITERAL_NULL_CONVERSION = YES;
				CLANG_WARN_OBJC_IMPLICIT_RETAIN_SELF = YES;
				CLANG_WARN_OBJC_LITERAL_CONVERSION = YES;
				CLANG_WARN_OBJC_ROOT_CLASS = YES_ERROR;
				CLANG_WARN_RANGE_LOOP_ANALYSIS = YES;
				CLANG_WARN_STRICT_PROTOTYPES = YES;
				CLANG_WARN_SUSPICIOUS_MOVE = YES;
				CLANG_WARN_UNGUARDED_AVAILABILITY = YES_AGGRESSIVE;
				CLANG_WARN_UNREACHABLE_CODE = YES;
				CLANG_WARN__DUPLICATE_METHOD_MATCH = YES;
				CODE_SIGN_IDENTITY = "iPhone Developer";
				COPY_PHASE_STRIP = NO;
				DEBUG_INFORMATION_FORMAT = dwarf;
				ENABLE_STRICT_OBJC_MSGSEND = YES;
				ENABLE_TESTABILITY = YES;
				GCC_C_LANGUAGE_STANDARD = gnu11;
				GCC_DYNAMIC_NO_PIC = NO;
				GCC_NO_COMMON_BLOCKS = YES;
				GCC_OPTIMIZATION_LEVEL = 0;
				GCC_PREPROCESSOR_DEFINITIONS = (
					"DEBUG=1",
					"$(inherited)",
				);
				GCC_WARN_64_TO_32_BIT_CONVERSION = YES;
				GCC_WARN_ABOUT_RETURN_TYPE = YES_ERROR;
				GCC_WARN_UNDECLARED_SELECTOR = YES;
				GCC_WARN_UNINITIALIZED_AUTOS = YES_AGGRESSIVE;
				GCC_WARN_UNUSED_FUNCTION = YES;
				GCC_WARN_UNUSED_VARIABLE = YES;
				IPHONEOS_DEPLOYMENT_TARGET = 12.0;
				MTL_ENABLE_DEBUG_INFO = INCLUDE_SOURCE;
				MTL_FAST_MATH = YES;
				ONLY_ACTIVE_ARCH = YES;
				SDKROOT = iphoneos;
			};
			name = Debug;
		};
		FD1FE82121A68046002F8D5E /* Release */ = {
			isa = XCBuildConfiguration;
			buildSettings = {
				ALWAYS_SEARCH_USER_PATHS = NO;
				CLANG_ANALYZER_NONNULL = YES;
				CLANG_ANALYZER_NUMBER_OBJECT_CONVERSION = YES_AGGRESSIVE;
				CLANG_CXX_LANGUAGE_STANDARD = "gnu++14";
				CLANG_CXX_LIBRARY = "libc++";
				CLANG_ENABLE_MODULES = YES;
				CLANG_ENABLE_OBJC_ARC = YES;
				CLANG_ENABLE_OBJC_WEAK = YES;
				CLANG_WARN_BLOCK_CAPTURE_AUTORELEASING = YES;
				CLANG_WARN_BOOL_CONVERSION = YES;
				CLANG_WARN_COMMA = YES;
				CLANG_WARN_CONSTANT_CONVERSION = YES;
				CLANG_WARN_DEPRECATED_OBJC_IMPLEMENTATIONS = YES;
				CLANG_WARN_DIRECT_OBJC_ISA_USAGE = YES_ERROR;
				CLANG_WARN_DOCUMENTATION_COMMENTS = YES;
				CLANG_WARN_EMPTY_BODY = YES;
				CLANG_WARN_ENUM_CONVERSION = YES;
				CLANG_WARN_INFINITE_RECURSION = YES;
				CLANG_WARN_INT_CONVERSION = YES;
				CLANG_WARN_NON_LITERAL_NULL_CONVERSION = YES;
				CLANG_WARN_OBJC_IMPLICIT_RETAIN_SELF = YES;
				CLANG_WARN_OBJC_LITERAL_CONVERSION = YES;
				CLANG_WARN_OBJC_ROOT_CLASS = YES_ERROR;
				CLANG_WARN_RANGE_LOOP_ANALYSIS = YES;
				CLANG_WARN_STRICT_PROTOTYPES = YES;
				CLANG_WARN_SUSPICIOUS_MOVE = YES;
				CLANG_WARN_UNGUARDED_AVAILABILITY = YES_AGGRESSIVE;
				CLANG_WARN_UNREACHABLE_CODE = YES;
				CLANG_WARN__DUPLICATE_METHOD_MATCH = YES;
				CODE_SIGN_IDENTITY = "iPhone Developer";
				COPY_PHASE_STRIP = NO;
				DEBUG_INFORMATION_FORMAT = "dwarf-with-dsym";
				ENABLE_NS_ASSERTIONS = NO;
				ENABLE_STRICT_OBJC_MSGSEND = YES;
				GCC_C_LANGUAGE_STANDARD = gnu11;
				GCC_NO_COMMON_BLOCKS = YES;
				GCC_WARN_64_TO_32_BIT_CONVERSION = YES;
				GCC_WARN_ABOUT_RETURN_TYPE = YES_ERROR;
				GCC_WARN_UNDECLARED_SELECTOR = YES;
				GCC_WARN_UNINITIALIZED_AUTOS = YES_AGGRESSIVE;
				GCC_WARN_UNUSED_FUNCTION = YES;
				GCC_WARN_UNUSED_VARIABLE = YES;
				IPHONEOS_DEPLOYMENT_TARGET = 12.0;
				MTL_ENABLE_DEBUG_INFO = NO;
				MTL_FAST_MATH = YES;
				SDKROOT = iphoneos;
				VALIDATE_PRODUCT = YES;
			};
			name = Release;
		};
		FD1FE82321A68046002F8D5E /* Debug */ = {
			isa = XCBuildConfiguration;
			buildSettings = {
				ASSETCATALOG_COMPILER_APPICON_NAME = AppIcon;
				CODE_SIGN_STYLE = Automatic;
				INFOPLIST_FILE = ZKVerifyViewDemo/Info.plist;
				LD_RUNPATH_SEARCH_PATHS = (
					"$(inherited)",
					"@executable_path/Frameworks",
				);
				PRODUCT_BUNDLE_IDENTIFIER = bestdew.ZKVerifyViewDemo;
				PRODUCT_NAME = "$(TARGET_NAME)";
				TARGETED_DEVICE_FAMILY = "1,2";
			};
			name = Debug;
		};
		FD1FE82421A68046002F8D5E /* Release */ = {
			isa = XCBuildConfiguration;
			buildSettings = {
				ASSETCATALOG_COMPILER_APPICON_NAME = AppIcon;
				CODE_SIGN_STYLE = Automatic;
				INFOPLIST_FILE = ZKVerifyViewDemo/Info.plist;
				LD_RUNPATH_SEARCH_PATHS = (
					"$(inherited)",
					"@executable_path/Frameworks",
				);
				PRODUCT_BUNDLE_IDENTIFIER = bestdew.ZKVerifyViewDemo;
				PRODUCT_NAME = "$(TARGET_NAME)";
				TARGETED_DEVICE_FAMILY = "1,2";
			};
			name = Release;
		};
/* End XCBuildConfiguration section */

/* Begin XCConfigurationList section */
		FD1FE80721A68044002F8D5E /* Build configuration list for PBXProject "ZKVerifyViewDemo" */ = {
			isa = XCConfigurationList;
			buildConfigurations = (
				FD1FE82021A68046002F8D5E /* Debug */,
				FD1FE82121A68046002F8D5E /* Release */,
			);
			defaultConfigurationIsVisible = 0;
			defaultConfigurationName = Release;
		};
		FD1FE82221A68046002F8D5E /* Build configuration list for PBXNativeTarget "ZKVerifyViewDemo" */ = {
			isa = XCConfigurationList;
			buildConfigurations = (
				FD1FE82321A68046002F8D5E /* Debug */,
				FD1FE82421A68046002F8D5E /* Release */,
			);
			defaultConfigurationIsVisible = 0;
			defaultConfigurationName = Release;
		};
/* End XCConfigurationList section */
	};
	rootObject = FD1FE80421A68044002F8D5E /* Project object */;
}
